
Microsoft Visual Studio Solution File, Format Version 12.00
# Visual Studio 15
VisualStudioVersion = 15.0.28307.168
MinimumVisualStudioVersion = 10.0.40219.1
Project("{FAE04EC0-301F-11D3-BF4B-00C04F79EFBC}") = "ADirConnector", "AdirConnector\ADirConnector.csproj", "{ACBE585B-7D64-4119-A7FB-C5CB275FCA33}"
EndProject
Global
	GlobalSection(SolutionConfigurationPlatforms) = preSolution
		Debug|Any CPU = Debug|Any CPU
		Release|Any CPU = Release|Any CPU
	EndGlobalSection
	GlobalSection(ProjectConfigurationPlatforms) = postSolution
		{ACBE585B-7D64-4119-A7FB-C5CB275FCA33}.Debug|Any CPU.ActiveCfg = Debug|Any CPU
		{ACBE585B-7D64-4119-A7FB-C5CB275FCA33}.Debug|Any CPU.Build.0 = Debug|Any CPU
		{ACBE585B-7D64-4119-A7FB-C5CB275FCA33}.Release|Any CPU.ActiveCfg = Release|Any CPU
		{ACBE585B-7D64-4119-A7FB-C5CB275FCA33}.Release|Any CPU.Build.0 = Release|Any CPU
	EndGlobalSection
	GlobalSection(SolutionProperties) = preSolution
		HideSolutionNode = FALSE
	EndGlobalSection
	GlobalSection(ExtensibilityGlobals) = postSolution
		SolutionGuid = {FE8072E7-A5A6-4937-9836-E4010ABA4296}
	EndGlobalSection
EndGlobal
